PODS:
  - Bolts (1.1.4)
  - Parse (1.7.1):
    - Bolts (~> 1.1)
  - ReactKit (0.9.0):
    - SwiftTask (~> 3.0.0)
  - Realm (0.91.1):
    - Realm/Headers (= 0.91.1)
  - Realm/Headers (0.91.1)
  - SwiftTask (3.0.0)

DEPENDENCIES:
  - Parse
  - ReactKit (~> 0.9.0)
  - Realm
  - Realm/Headers

SPEC CHECKSUMS:
  Bolts: f8e2f94edbf9fec7bb8de5ecaaa3aa6b7de6f64e
  Parse: fa8ec29de6d82035635986c11946299fb1b38316
  ReactKit: ac52dd22d3c085fc28db3b9282e984dd96b8ec52
  Realm: b9c1fd9defa26aa7276ce938a8df52ec81f24528
  SwiftTask: 2f2c0a7db83def1d1e3bad518169be3f61c603f4

COCOAPODS: 0.36.3
