PODS:
  - CocoaLumberjack (2.0.0):
    - CocoaLumberjack/Default (= 2.0.0)
    - CocoaLumberjack/Extensions (= 2.0.0)
  - CocoaLumberjack/Core (2.0.0)
  - CocoaLumberjack/Default (2.0.0):
    - CocoaLumberjack/Core
  - CocoaLumberjack/Extensions (2.0.0):
    - CocoaLumberjack/Default
  - Dollar (3.0.2)
  - FLEX (2.0.3)
  - Locksmith (1.2.2)
  - Nimble (1.0.0)
  - Quick (0.3.1)
  - SDWebImage (3.7.3):
    - SDWebImage/Core (= 3.7.3)
  - SDWebImage/Core (3.7.3)
  - SVProgressHUD (1.1.3)
  - XAssets (0.1.2)

DEPENDENCIES:
  - CocoaLumberjack (= 2.0.0)
  - Dollar (~> 3.0)
  - FLEX (~> 2.0)
  - Locksmith (~> 1.2)
  - Nimble (~> 1.0)
  - Quick (= 0.3.1)
  - SDWebImage
  - SVProgressHUD (from `https://github.com/Hxucaa/SVProgressHUD.git`)
  - XAssets (from `git@bitbucket.org:zenchat/xassets.git`)

EXTERNAL SOURCES:
  SVProgressHUD:
    :git: https://github.com/Hxucaa/SVProgressHUD.git
  XAssets:
    :git: git@bitbucket.org:zenchat/xassets.git

CHECKOUT OPTIONS:
  SVProgressHUD:
    :commit: 4cbf1de2f9becbdfe38257bf9129f2930a2668ab
    :git: https://github.com/Hxucaa/SVProgressHUD.git
  XAssets:
    :commit: 2673f637cb1578fa53605cab484be43dfce3af31
    :git: git@bitbucket.org:zenchat/xassets.git

SPEC CHECKSUMS:
  CocoaLumberjack: a6f77d987d65dc7ba86b0f84db7d0b9084f77bcb
  Dollar: fa1c277042a5e8208f2276abba056f27a812fcfe
  FLEX: 4f04fe0b0594163c00879e2b3db888e5ae37c8d5
  Locksmith: c84c10bf23f99e6d04703dba65065dc38b038d88
  Nimble: 8bee528e5fcc403653076545db562d2b5db7bb87
  Quick: 824572d3d198d51e52cf4aa722cebf7e59952a35
  SDWebImage: 1d2b1a1efda1ade1b00b6f8498865f8ddedc8a84
  SVProgressHUD: 748080e4f36e603f6c02aec292664239df5279c1
  XAssets: b8a686be9c6e1a36c180b77e1bb15b5d3c55fe47

COCOAPODS: 0.38.2
